
Microsoft Visual Studio Solution File, Format Version 12.00
# Visual Studio Version 17
VisualStudioVersion = 17.2.32630.192
MinimumVisualStudioVersion = 10.0.40219.1
Project("{FAE04EC0-301F-11D3-BF4B-00C04F79EFBC}") = "QuoteGenerator", "QuoteGenerator\QuoteGenerator.csproj", "{2D3138A2-9224-48A7-B066-EA81D2C66DF4}"
EndProject
Global
	GlobalSection(SolutionConfigurationPlatforms) = preSolution
		Debug|Any CPU = Debug|Any CPU
		Release|Any CPU = Release|Any CPU
	EndGlobalSection
	GlobalSection(ProjectConfigurationPlatforms) = postSolution
		{2D3138A2-9224-48A7-B066-EA81D2C66DF4}.Debug|Any CPU.ActiveCfg = Debug|Any CPU
		{2D3138A2-9224-48A7-B066-EA81D2C66DF4}.Debug|Any CPU.Build.0 = Debug|Any CPU
		{2D3138A2-9224-48A7-B066-EA81D2C66DF4}.Release|Any CPU.ActiveCfg = Release|Any CPU
		{2D3138A2-9224-48A7-B066-EA81D2C66DF4}.Release|Any CPU.Build.0 = Release|Any CPU
	EndGlobalSection
	GlobalSection(SolutionProperties) = preSolution
		HideSolutionNode = FALSE
	EndGlobalSection
	GlobalSection(ExtensibilityGlobals) = postSolution
		SolutionGuid = {CABFD0FC-B1E7-4003-AD3C-FB542FAE529D}
	EndGlobalSection
EndGlobal
